// !$*UTF8*$!
{
	archiveVersion = 1;
	classes = {
	};
	objectVersion = 48;
	objects = {

/* Begin PBXBuildFile section */
		3623B1A320D0F82700C90FD0 /* libsqlite3.tbd in Frameworks */ = {isa = PBXBuildFile; fileRef = 3623B1A220D0F82700C90FD0 /* libsqlite3.tbd */; };
		3623B1A620D1F80800C90FD0 /* BMSQLProjectModel.m in Sources */ = {isa = PBXBuildFile; fileRef = 3623B1A520D1F80800C90FD0 /* BMSQLProjectModel.m */; };
		3623B1A820D2065F00C90FD0 /* BMProjectCell.xib in Resources */ = {isa = PBXBuildFile; fileRef = 3623B1A720D2065F00C90FD0 /* BMProjectCell.xib */; };
		3623B1AD20D20EA200C90FD0 /* sucai.png in Resources */ = {isa = PBXBuildFile; fileRef = 3623B1AC20D20EA200C90FD0 /* sucai.png */; };
		36302B4020DB58A20003B5FA /* BMSQLIconModel.m in Sources */ = {isa = PBXBuildFile; fileRef = 36302B3F20DB58A20003B5FA /* BMSQLIconModel.m */; };
		36302B5A20E0CD600003B5FA /* BMIconsDownloader.m in Sources */ = {isa = PBXBuildFile; fileRef = 36302B5920E0CD600003B5FA /* BMIconsDownloader.m */; };
		36302B5C20E20AC60003B5FA /* sucai2.png in Resources */ = {isa = PBXBuildFile; fileRef = 36302B5B20E20AC50003B5FA /* sucai2.png */; };
		36302B6020E2128F0003B5FA /* NSMainWinController.m in Sources */ = {isa = PBXBuildFile; fileRef = 36302B5E20E2128F0003B5FA /* NSMainWinController.m */; };
		36302B6120E2128F0003B5FA /* NSMainWinController.xib in Resources */ = {isa = PBXBuildFile; fileRef = 36302B5F20E2128F0003B5FA /* NSMainWinController.xib */; };
		3668497D2094048B00D9640F /* BMProjectCell.m in Sources */ = {isa = PBXBuildFile; fileRef = 3668497C2094048B00D9640F /* BMProjectCell.m */; };
		366849832094101200D9640F /* CocoaLumberjack.framework in Frameworks */ = {isa = PBXBuildFile; fileRef = 366849812094101200D9640F /* CocoaLumberjack.framework */; };
		366849842094101200D9640F /* SVGKit.framework in Frameworks */ = {isa = PBXBuildFile; fileRef = 366849822094101200D9640F /* SVGKit.framework */; };
		366849862094109A00D9640F /* Podfile in Resources */ = {isa = PBXBuildFile; fileRef = 366849852094109A00D9640F /* Podfile */; };
		36684988209414D100D9640F /* SVGKit.framework in CopyFiles */ = {isa = PBXBuildFile; fileRef = 366849822094101200D9640F /* SVGKit.framework */; settings = {ATTRIBUTES = (CodeSignOnCopy, RemoveHeadersOnCopy, ); }; };
		36684989209414EB00D9640F /* CocoaLumberjack.framework in CopyFiles */ = {isa = PBXBuildFile; fileRef = 366849812094101200D9640F /* CocoaLumberjack.framework */; settings = {ATTRIBUTES = (CodeSignOnCopy, RemoveHeadersOnCopy, ); }; };
		3668498F2094563200D9640F /* SVGViewItem.m in Sources */ = {isa = PBXBuildFile; fileRef = 3668498E2094563200D9640F /* SVGViewItem.m */; };
		368AE6BF20CE6BC3005FF0E7 /* BMAPIRequest.m in Sources */ = {isa = PBXBuildFile; fileRef = 368AE6BE20CE6BC3005FF0E7 /* BMAPIRequest.m */; };
		368AE6C320CE6C98005FF0E7 /* BMURLResponse.m in Sources */ = {isa = PBXBuildFile; fileRef = 368AE6C220CE6C98005FF0E7 /* BMURLResponse.m */; };
		368AE6D820CE6D1C005FF0E7 /* AFHTTPRequestSerializer+addHeaders.m in Sources */ = {isa = PBXBuildFile; fileRef = 368AE6C720CE6D1C005FF0E7 /* AFHTTPRequestSerializer+addHeaders.m */; };
		368AE6DA20CE6D1C005FF0E7 /* NSArray+AXNetworkingMethods.m in Sources */ = {isa = PBXBuildFile; fileRef = 368AE6CB20CE6D1C005FF0E7 /* NSArray+AXNetworkingMethods.m */; };
		368AE6DB20CE6D1C005FF0E7 /* NSData+Networking.m in Sources */ = {isa = PBXBuildFile; fileRef = 368AE6CD20CE6D1C005FF0E7 /* NSData+Networking.m */; };
		368AE6DC20CE6D1C005FF0E7 /* NSDictionary+AXNetworkingMethods.m in Sources */ = {isa = PBXBuildFile; fileRef = 368AE6CF20CE6D1C005FF0E7 /* NSDictionary+AXNetworkingMethods.m */; };
		368AE6DD20CE6D1C005FF0E7 /* NSMutableString+AXNetworkingMethods.m in Sources */ = {isa = PBXBuildFile; fileRef = 368AE6D120CE6D1C005FF0E7 /* NSMutableString+AXNetworkingMethods.m */; };
		368AE6DE20CE6D1C005FF0E7 /* NSObject+AXNetworkingMethods.m in Sources */ = {isa = PBXBuildFile; fileRef = 368AE6D320CE6D1C005FF0E7 /* NSObject+AXNetworkingMethods.m */; };
		368AE6DF20CE6D1C005FF0E7 /* NSString+Networking.m in Sources */ = {isa = PBXBuildFile; fileRef = 368AE6D520CE6D1C005FF0E7 /* NSString+Networking.m */; };
		368AE6E020CE6D1C005FF0E7 /* NSURLRequest+AIFNetworkingMethods.m in Sources */ = {isa = PBXBuildFile; fileRef = 368AE6D720CE6D1C005FF0E7 /* NSURLRequest+AIFNetworkingMethods.m */; };
		368AE6EB20CE6F24005FF0E7 /* BMLoger.m in Sources */ = {isa = PBXBuildFile; fileRef = 368AE6EA20CE6F24005FF0E7 /* BMLoger.m */; };
		368AE70D20CE7627005FF0E7 /* EXTScope.m in Sources */ = {isa = PBXBuildFile; fileRef = 368AE70B20CE7627005FF0E7 /* EXTScope.m */; };
		36E8C38F20D9E5EE00B9C0A7 /* NullSafe.m in Sources */ = {isa = PBXBuildFile; fileRef = 36E8C38E20D9E5ED00B9C0A7 /* NullSafe.m */; };
		36FCCCCB20E218220010AC19 /* menu_view_middle.png in Resources */ = {isa = PBXBuildFile; fileRef = 36FCCCC820E218220010AC19 /* menu_view_middle.png */; };
		36FCCCCC20E218220010AC19 /* menu_view_right.png in Resources */ = {isa = PBXBuildFile; fileRef = 36FCCCC920E218220010AC19 /* menu_view_right.png */; };
		36FCCCCD20E218220010AC19 /* menu_view_left.png in Resources */ = {isa = PBXBuildFile; fileRef = 36FCCCCA20E218220010AC19 /* menu_view_left.png */; };
		36FCCCD020E21CD20010AC19 /* BackgroundView.m in Sources */ = {isa = PBXBuildFile; fileRef = 36FCCCCF20E21CD20010AC19 /* BackgroundView.m */; };
		36FCCCD220E21D940010AC19 /* projectpanel_shadow.png in Resources */ = {isa = PBXBuildFile; fileRef = 36FCCCD120E21D940010AC19 /* projectpanel_shadow.png */; };
		36FCCCD520E227D50010AC19 /* detail_sepline@2x.png in Resources */ = {isa = PBXBuildFile; fileRef = 36FCCCD320E227D50010AC19 /* detail_sepline@2x.png */; };
		36FCCCD620E227D50010AC19 /* detail_sepline.png in Resources */ = {isa = PBXBuildFile; fileRef = 36FCCCD420E227D50010AC19 /* detail_sepline.png */; };
		D6F4C7FE88F2714EC9F519C9 /* libPods-icons9.a in Frameworks */ = {isa = PBXBuildFile; fileRef = F558BBF91B271CF87838957A /* libPods-icons9.a */; };
		DB577536204AA0C4003F9164 /* main.m in Sources */ = {isa = PBXBuildFile; fileRef = DB577535204AA0C4003F9164 /* main.m */; };
		DB57753B204AA0C4003F9164 /* Assets.xcassets in Resources */ = {isa = PBXBuildFile; fileRef = DB57753A204AA0C4003F9164 /* Assets.xcassets */; };
		DB57763A204D9F85003F9164 /* AppDelegate.m in Sources */ = {isa = PBXBuildFile; fileRef = DB57761B204D9F85003F9164 /* AppDelegate.m */; };
		DB57763B204D9F85003F9164 /* BMMainViewController.m in Sources */ = {isa = PBXBuildFile; fileRef = DB57761F204D9F85003F9164 /* BMMainViewController.m */; };
		DB57763C204D9F85003F9164 /* BMMainViewController.xib in Resources */ = {isa = PBXBuildFile; fileRef = DB577620204D9F85003F9164 /* BMMainViewController.xib */; };
		DB57763D204D9F85003F9164 /* CNGridView.m in Sources */ = {isa = PBXBuildFile; fileRef = DB577625204D9F85003F9164 /* CNGridView.m */; };
		DB57763E204D9F85003F9164 /* CNGridViewItem.m in Sources */ = {isa = PBXBuildFile; fileRef = DB577629204D9F85003F9164 /* CNGridViewItem.m */; };
		DB57763F204D9F85003F9164 /* CNGridViewItemLayout.m in Sources */ = {isa = PBXBuildFile; fileRef = DB57762B204D9F85003F9164 /* CNGridViewItemLayout.m */; };
		DB577640204D9F85003F9164 /* NSColor+CNGridViewPalette.m in Sources */ = {isa = PBXBuildFile; fileRef = DB57762D204D9F85003F9164 /* NSColor+CNGridViewPalette.m */; };
		DB577641204D9F85003F9164 /* NSView+CNGridView.m in Sources */ = {isa = PBXBuildFile; fileRef = DB57762F204D9F85003F9164 /* NSView+CNGridView.m */; };
		DB577649204D9F85003F9164 /* MainMenu.xib in Resources */ = {isa = PBXBuildFile; fileRef = DB577639204D9F85003F9164 /* MainMenu.xib */; };
		DB57764C204DA046003F9164 /* BMFileModel.m in Sources */ = {isa = PBXBuildFile; fileRef = DB57764B204DA046003F9164 /* BMFileModel.m */; };
		DB577651204E8A2A003F9164 /* BMIconManager.m in Sources */ = {isa = PBXBuildFile; fileRef = DB577650204E8A2A003F9164 /* BMIconManager.m */; };
		DB577654204E8D29003F9164 /* BMIconModel.m in Sources */ = {isa = PBXBuildFile; fileRef = DB577653204E8D29003F9164 /* BMIconModel.m */; };
		DB577FBA204FAFDB003F9164 /* SKSVGObject.m in Sources */ = {isa = PBXBuildFile; fileRef = DB577FB8204FAFDB003F9164 /* SKSVGObject.m */; };
/* End PBXBuildFile section */

/* Begin PBXCopyFilesBuildPhase section */
		36684987209414C600D9640F /* CopyFiles */ = {
			isa = PBXCopyFilesBuildPhase;
			buildActionMask = 2147483647;
			dstPath = "";
			dstSubfolderSpec = 10;
			files = (
				36684989209414EB00D9640F /* CocoaLumberjack.framework in CopyFiles */,
				36684988209414D100D9640F /* SVGKit.framework in CopyFiles */,
			);
			runOnlyForDeploymentPostprocessing = 0;
		};
		DB577FB0204FA750003F9164 /* Embed Frameworks */ = {
			isa = PBXCopyFilesBuildPhase;
			buildActionMask = 2147483647;
			dstPath = "";
			dstSubfolderSpec = 10;
			files = (
			);
			name = "Embed Frameworks";
			runOnlyForDeploymentPostprocessing = 0;
		};
/* End PBXCopyFilesBuildPhase section */

/* Begin PBXFileReference section */
		3623B1A220D0F82700C90FD0 /* libsqlite3.tbd */ = {isa = PBXFileReference; lastKnownFileType = "sourcecode.text-based-dylib-definition"; name = libsqlite3.tbd; path = usr/lib/libsqlite3.tbd; sourceTree = SDKROOT; };
		3623B1A420D1F80800C90FD0 /* BMSQLProjectModel.h */ = {isa = PBXFileReference; lastKnownFileType = sourcecode.c.h; path = BMSQLProjectModel.h; sourceTree = "<group>"; };
		3623B1A520D1F80800C90FD0 /* BMSQLProjectModel.m */ = {isa = PBXFileReference; lastKnownFileType = sourcecode.c.objc; path = BMSQLProjectModel.m; sourceTree = "<group>"; };
		3623B1A720D2065F00C90FD0 /* BMProjectCell.xib */ = {isa = PBXFileReference; lastKnownFileType = file.xib; path = BMProjectCell.xib; sourceTree = "<group>"; };
		3623B1AC20D20EA200C90FD0 /* sucai.png */ = {isa = PBXFileReference; lastKnownFileType = image.png; path = sucai.png; sourceTree = "<group>"; };
		36302B3E20DB58A20003B5FA /* BMSQLIconModel.h */ = {isa = PBXFileReference; lastKnownFileType = sourcecode.c.h; path = BMSQLIconModel.h; sourceTree = "<group>"; };
		36302B3F20DB58A20003B5FA /* BMSQLIconModel.m */ = {isa = PBXFileReference; lastKnownFileType = sourcecode.c.objc; path = BMSQLIconModel.m; sourceTree = "<group>"; };
		36302B5820E0CD600003B5FA /* BMIconsDownloader.h */ = {isa = PBXFileReference; lastKnownFileType = sourcecode.c.h; path = BMIconsDownloader.h; sourceTree = "<group>"; };
		36302B5920E0CD600003B5FA /* BMIconsDownloader.m */ = {isa = PBXFileReference; lastKnownFileType = sourcecode.c.objc; path = BMIconsDownloader.m; sourceTree = "<group>"; };
		36302B5B20E20AC50003B5FA /* sucai2.png */ = {isa = PBXFileReference; lastKnownFileType = image.png; path = sucai2.png; sourceTree = "<group>"; };
		36302B5D20E2128F0003B5FA /* NSMainWinController.h */ = {isa = PBXFileReference; lastKnownFileType = sourcecode.c.h; path = NSMainWinController.h; sourceTree = "<group>"; };
		36302B5E20E2128F0003B5FA /* NSMainWinController.m */ = {isa = PBXFileReference; lastKnownFileType = sourcecode.c.objc; path = NSMainWinController.m; sourceTree = "<group>"; };
		36302B5F20E2128F0003B5FA /* NSMainWinController.xib */ = {isa = PBXFileReference; lastKnownFileType = file.xib; path = NSMainWinController.xib; sourceTree = "<group>"; };
		3668495D2092CFBA00D9640F /* BMGlobal.h */ = {isa = PBXFileReference; lastKnownFileType = sourcecode.c.h; path = BMGlobal.h; sourceTree = "<group>"; };
		3668495E2092D0A900D9640F /* PrefixHeader.pch */ = {isa = PBXFileReference; lastKnownFileType = sourcecode.c.h; path = PrefixHeader.pch; sourceTree = "<group>"; };
		3668497B2094048B00D9640F /* BMProjectCell.h */ = {isa = PBXFileReference; lastKnownFileType = sourcecode.c.h; path = BMProjectCell.h; sourceTree = "<group>"; };
		3668497C2094048B00D9640F /* BMProjectCell.m */ = {isa = PBXFileReference; lastKnownFileType = sourcecode.c.objc; path = BMProjectCell.m; sourceTree = "<group>"; };
		366849812094101200D9640F /* CocoaLumberjack.framework */ = {isa = PBXFileReference; lastKnownFileType = wrapper.framework; path = CocoaLumberjack.framework; sourceTree = "<group>"; };
		366849822094101200D9640F /* SVGKit.framework */ = {isa = PBXFileReference; lastKnownFileType = wrapper.framework; path = SVGKit.framework; sourceTree = "<group>"; };
		366849852094109A00D9640F /* Podfile */ = {isa = PBXFileReference; fileEncoding = 4; lastKnownFileType = text; path = Podfile; sourceTree = "<group>"; xcLanguageSpecificationIdentifier = xcode.lang.ruby; };
		3668498D2094563200D9640F /* SVGViewItem.h */ = {isa = PBXFileReference; lastKnownFileType = sourcecode.c.h; path = SVGViewItem.h; sourceTree = "<group>"; };
		3668498E2094563200D9640F /* SVGViewItem.m */ = {isa = PBXFileReference; lastKnownFileType = sourcecode.c.objc; path = SVGViewItem.m; sourceTree = "<group>"; };
		368AE6BD20CE6BC3005FF0E7 /* BMAPIRequest.h */ = {isa = PBXFileReference; lastKnownFileType = sourcecode.c.h; path = BMAPIRequest.h; sourceTree = "<group>"; };
		368AE6BE20CE6BC3005FF0E7 /* BMAPIRequest.m */ = {isa = PBXFileReference; lastKnownFileType = sourcecode.c.objc; path = BMAPIRequest.m; sourceTree = "<group>"; };
		368AE6C120CE6C98005FF0E7 /* BMURLResponse.h */ = {isa = PBXFileReference; fileEncoding = 4; lastKnownFileType = sourcecode.c.h; path = BMURLResponse.h; sourceTree = "<group>"; };
		368AE6C220CE6C98005FF0E7 /* BMURLResponse.m */ = {isa = PBXFileReference; fileEncoding = 4; lastKnownFileType = sourcecode.c.objc; path = BMURLResponse.m; sourceTree = "<group>"; };
		368AE6C620CE6D1C005FF0E7 /* AFHTTPRequestSerializer+addHeaders.h */ = {isa = PBXFileReference; fileEncoding = 4; lastKnownFileType = sourcecode.c.h; path = "AFHTTPRequestSerializer+addHeaders.h"; sourceTree = "<group>"; };
		368AE6C720CE6D1C005FF0E7 /* AFHTTPRequestSerializer+addHeaders.m */ = {isa = PBXFileReference; fileEncoding = 4; lastKnownFileType = sourcecode.c.objc; path = "AFHTTPRequestSerializer+addHeaders.m"; sourceTree = "<group>"; };
		368AE6CA20CE6D1C005FF0E7 /* NSArray+AXNetworkingMethods.h */ = {isa = PBXFileReference; fileEncoding = 4; lastKnownFileType = sourcecode.c.h; path = "NSArray+AXNetworkingMethods.h"; sourceTree = "<group>"; };
		368AE6CB20CE6D1C005FF0E7 /* NSArray+AXNetworkingMethods.m */ = {isa = PBXFileReference; fileEncoding = 4; lastKnownFileType = sourcecode.c.objc; path = "NSArray+AXNetworkingMethods.m"; sourceTree = "<group>"; };
		368AE6CC20CE6D1C005FF0E7 /* NSData+Networking.h */ = {isa = PBXFileReference; fileEncoding = 4; lastKnownFileType = sourcecode.c.h; path = "NSData+Networking.h"; sourceTree = "<group>"; };
		368AE6CD20CE6D1C005FF0E7 /* NSData+Networking.m */ = {isa = PBXFileReference; fileEncoding = 4; lastKnownFileType = sourcecode.c.objc; path = "NSData+Networking.m"; sourceTree = "<group>"; };
		368AE6CE20CE6D1C005FF0E7 /* NSDictionary+AXNetworkingMethods.h */ = {isa = PBXFileReference; fileEncoding = 4; lastKnownFileType = sourcecode.c.h; path = "NSDictionary+AXNetworkingMethods.h"; sourceTree = "<group>"; };
		368AE6CF20CE6D1C005FF0E7 /* NSDictionary+AXNetworkingMethods.m */ = {isa = PBXFileReference; fileEncoding = 4; lastKnownFileType = sourcecode.c.objc; path = "NSDictionary+AXNetworkingMethods.m"; sourceTree = "<group>"; };
		368AE6D020CE6D1C005FF0E7 /* NSMutableString+AXNetworkingMethods.h */ = {isa = PBXFileReference; fileEncoding = 4; lastKnownFileType = sourcecode.c.h; path = "NSMutableString+AXNetworkingMethods.h"; sourceTree = "<group>"; };
		368AE6D120CE6D1C005FF0E7 /* NSMutableString+AXNetworkingMethods.m */ = {isa = PBXFileReference; fileEncoding = 4; lastKnownFileType = sourcecode.c.objc; path = "NSMutableString+AXNetworkingMethods.m"; sourceTree = "<group>"; };
		368AE6D220CE6D1C005FF0E7 /* NSObject+AXNetworkingMethods.h */ = {isa = PBXFileReference; fileEncoding = 4; lastKnownFileType = sourcecode.c.h; path = "NSObject+AXNetworkingMethods.h"; sourceTree = "<group>"; };
		368AE6D320CE6D1C005FF0E7 /* NSObject+AXNetworkingMethods.m */ = {isa = PBXFileReference; fileEncoding = 4; lastKnownFileType = sourcecode.c.objc; path = "NSObject+AXNetworkingMethods.m"; sourceTree = "<group>"; };
		368AE6D420CE6D1C005FF0E7 /* NSString+Networking.h */ = {isa = PBXFileReference; fileEncoding = 4; lastKnownFileType = sourcecode.c.h; path = "NSString+Networking.h"; sourceTree = "<group>"; };
		368AE6D520CE6D1C005FF0E7 /* NSString+Networking.m */ = {isa = PBXFileReference; fileEncoding = 4; lastKnownFileType = sourcecode.c.objc; path = "NSString+Networking.m"; sourceTree = "<group>"; };
		368AE6D620CE6D1C005FF0E7 /* NSURLRequest+AIFNetworkingMethods.h */ = {isa = PBXFileReference; fileEncoding = 4; lastKnownFileType = sourcecode.c.h; path = "NSURLRequest+AIFNetworkingMethods.h"; sourceTree = "<group>"; };
		368AE6D720CE6D1C005FF0E7 /* NSURLRequest+AIFNetworkingMethods.m */ = {isa = PBXFileReference; fileEncoding = 4; lastKnownFileType = sourcecode.c.objc; path = "NSURLRequest+AIFNetworkingMethods.m"; sourceTree = "<group>"; };
		368AE6E920CE6F24005FF0E7 /* BMLoger.h */ = {isa = PBXFileReference; fileEncoding = 4; lastKnownFileType = sourcecode.c.h; path = BMLoger.h; sourceTree = "<group>"; };
		368AE6EA20CE6F24005FF0E7 /* BMLoger.m */ = {isa = PBXFileReference; fileEncoding = 4; lastKnownFileType = sourcecode.c.objc; path = BMLoger.m; sourceTree = "<group>"; };
		368AE70A20CE7627005FF0E7 /* EXTScope.h */ = {isa = PBXFileReference; fileEncoding = 4; lastKnownFileType = sourcecode.c.h; path = EXTScope.h; sourceTree = "<group>"; };
		368AE70B20CE7627005FF0E7 /* EXTScope.m */ = {isa = PBXFileReference; fileEncoding = 4; lastKnownFileType = sourcecode.c.objc; path = EXTScope.m; sourceTree = "<group>"; };
		368AE70C20CE7627005FF0E7 /* metamacros.h */ = {isa = PBXFileReference; fileEncoding = 4; lastKnownFileType = sourcecode.c.h; path = metamacros.h; sourceTree = "<group>"; };
		368AE70E20CE7653005FF0E7 /* BMEnumType.h */ = {isa = PBXFileReference; lastKnownFileType = sourcecode.c.h; path = BMEnumType.h; sourceTree = "<group>"; };
		368AE70F20CF68C4005FF0E7 /* BMAPIRequestURL.h */ = {isa = PBXFileReference; lastKnownFileType = sourcecode.c.h; path = BMAPIRequestURL.h; sourceTree = "<group>"; };
		36E8C38E20D9E5ED00B9C0A7 /* NullSafe.m */ = {isa = PBXFileReference; fileEncoding = 4; lastKnownFileType = sourcecode.c.objc; path = NullSafe.m; sourceTree = "<group>"; };
		36FCCCC820E218220010AC19 /* menu_view_middle.png */ = {isa = PBXFileReference; lastKnownFileType = image.png; path = menu_view_middle.png; sourceTree = "<group>"; };
		36FCCCC920E218220010AC19 /* menu_view_right.png */ = {isa = PBXFileReference; lastKnownFileType = image.png; path = menu_view_right.png; sourceTree = "<group>"; };
		36FCCCCA20E218220010AC19 /* menu_view_left.png */ = {isa = PBXFileReference; lastKnownFileType = image.png; path = menu_view_left.png; sourceTree = "<group>"; };
		36FCCCCE20E21CD20010AC19 /* BackgroundView.h */ = {isa = PBXFileReference; fileEncoding = 4; lastKnownFileType = sourcecode.c.h; path = BackgroundView.h; sourceTree = "<group>"; };
		36FCCCCF20E21CD20010AC19 /* BackgroundView.m */ = {isa = PBXFileReference; fileEncoding = 4; lastKnownFileType = sourcecode.c.objc; path = BackgroundView.m; sourceTree = "<group>"; };
		36FCCCD120E21D940010AC19 /* projectpanel_shadow.png */ = {isa = PBXFileReference; lastKnownFileType = image.png; path = projectpanel_shadow.png; sourceTree = "<group>"; };
		36FCCCD320E227D50010AC19 /* detail_sepline@2x.png */ = {isa = PBXFileReference; lastKnownFileType = image.png; path = "detail_sepline@2x.png"; sourceTree = "<group>"; };
		36FCCCD420E227D50010AC19 /* detail_sepline.png */ = {isa = PBXFileReference; lastKnownFileType = image.png; path = detail_sepline.png; sourceTree = "<group>"; };
		C909A730617FE4581A59F389 /* Pods-icons9.debug.xcconfig */ = {isa = PBXFileReference; includeInIndex = 1; lastKnownFileType = text.xcconfig; name = "Pods-icons9.debug.xcconfig"; path = "Pods/Target Support Files/Pods-icons9/Pods-icons9.debug.xcconfig"; sourceTree = "<group>"; };
		DB57752E204AA0C4003F9164 /* icons9.app */ = {isa = PBXFileReference; explicitFileType = wrapper.application; includeInIndex = 0; path = icons9.app; sourceTree = BUILT_PRODUCTS_DIR; };
		DB577535204AA0C4003F9164 /* main.m */ = {isa = PBXFileReference; lastKnownFileType = sourcecode.c.objc; path = main.m; sourceTree = "<group>"; };
		DB57753A204AA0C4003F9164 /* Assets.xcassets */ = {isa = PBXFileReference; lastKnownFileType = folder.assetcatalog; path = Assets.xcassets; sourceTree = "<group>"; };
		DB57753F204AA0C4003F9164 /* Info.plist */ = {isa = PBXFileReference; lastKnownFileType = text.plist.xml; path = Info.plist; sourceTree = "<group>"; };
		DB5775E7204C2CF8003F9164 /* Foundation.framework */ = {isa = PBXFileReference; lastKnownFileType = wrapper.framework; name = Foundation.framework; path = System/Library/Frameworks/Foundation.framework; sourceTree = SDKROOT; };
		DB5775E9204C2D05003F9164 /* AppKit.framework */ = {isa = PBXFileReference; lastKnownFileType = wrapper.framework; name = AppKit.framework; path = System/Library/Frameworks/AppKit.framework; sourceTree = SDKROOT; };
		DB5775EB204C2D11003F9164 /* Cocoa.framework */ = {isa = PBXFileReference; lastKnownFileType = wrapper.framework; name = Cocoa.framework; path = System/Library/Frameworks/Cocoa.framework; sourceTree = SDKROOT; };
		DB5775ED204C2D2E003F9164 /* CoreData.framework */ = {isa = PBXFileReference; lastKnownFileType = wrapper.framework; name = CoreData.framework; path = System/Library/Frameworks/CoreData.framework; sourceTree = SDKROOT; };
		DB5775F0204CCDF9003F9164 /* icons9.entitlements */ = {isa = PBXFileReference; lastKnownFileType = text.plist.entitlements; path = icons9.entitlements; sourceTree = "<group>"; };
		DB57761A204D9F85003F9164 /* AppDelegate.h */ = {isa = PBXFileReference; fileEncoding = 4; lastKnownFileType = sourcecode.c.h; path = AppDelegate.h; sourceTree = "<group>"; };
		DB57761B204D9F85003F9164 /* AppDelegate.m */ = {isa = PBXFileReference; fileEncoding = 4; lastKnownFileType = sourcecode.c.objc; path = AppDelegate.m; sourceTree = "<group>"; };
		DB57761E204D9F85003F9164 /* BMMainViewController.h */ = {isa = PBXFileReference; fileEncoding = 4; lastKnownFileType = sourcecode.c.h; path = BMMainViewController.h; sourceTree = "<group>"; };
		DB57761F204D9F85003F9164 /* BMMainViewController.m */ = {isa = PBXFileReference; fileEncoding = 4; lastKnownFileType = sourcecode.c.objc; path = BMMainViewController.m; sourceTree = "<group>"; };
		DB577620204D9F85003F9164 /* BMMainViewController.xib */ = {isa = PBXFileReference; fileEncoding = 4; lastKnownFileType = file.xib; path = BMMainViewController.xib; sourceTree = "<group>"; };
		DB577624204D9F85003F9164 /* CNGridView.h */ = {isa = PBXFileReference; fileEncoding = 4; lastKnownFileType = sourcecode.c.h; path = CNGridView.h; sourceTree = "<group>"; };
		DB577625204D9F85003F9164 /* CNGridView.m */ = {isa = PBXFileReference; fileEncoding = 4; lastKnownFileType = sourcecode.c.objc; path = CNGridView.m; sourceTree = "<group>"; };
		DB577626204D9F85003F9164 /* CNGridViewDefinitions.h */ = {isa = PBXFileReference; fileEncoding = 4; lastKnownFileType = sourcecode.c.h; path = CNGridViewDefinitions.h; sourceTree = "<group>"; };
		DB577627204D9F85003F9164 /* CNGridViewDelegate.h */ = {isa = PBXFileReference; fileEncoding = 4; lastKnownFileType = sourcecode.c.h; path = CNGridViewDelegate.h; sourceTree = "<group>"; };
		DB577628204D9F85003F9164 /* CNGridViewItem.h */ = {isa = PBXFileReference; fileEncoding = 4; lastKnownFileType = sourcecode.c.h; path = CNGridViewItem.h; sourceTree = "<group>"; };
		DB577629204D9F85003F9164 /* CNGridViewItem.m */ = {isa = PBXFileReference; fileEncoding = 4; lastKnownFileType = sourcecode.c.objc; path = CNGridViewItem.m; sourceTree = "<group>"; };
		DB57762A204D9F85003F9164 /* CNGridViewItemLayout.h */ = {isa = PBXFileReference; fileEncoding = 4; lastKnownFileType = sourcecode.c.h; path = CNGridViewItemLayout.h; sourceTree = "<group>"; };
		DB57762B204D9F85003F9164 /* CNGridViewItemLayout.m */ = {isa = PBXFileReference; fileEncoding = 4; lastKnownFileType = sourcecode.c.objc; path = CNGridViewItemLayout.m; sourceTree = "<group>"; };
		DB57762C204D9F85003F9164 /* NSColor+CNGridViewPalette.h */ = {isa = PBXFileReference; fileEncoding = 4; lastKnownFileType = sourcecode.c.h; path = "NSColor+CNGridViewPalette.h"; sourceTree = "<group>"; };
		DB57762D204D9F85003F9164 /* NSColor+CNGridViewPalette.m */ = {isa = PBXFileReference; fileEncoding = 4; lastKnownFileType = sourcecode.c.objc; path = "NSColor+CNGridViewPalette.m"; sourceTree = "<group>"; };
		DB57762E204D9F85003F9164 /* NSView+CNGridView.h */ = {isa = PBXFileReference; fileEncoding = 4; lastKnownFileType = sourcecode.c.h; path = "NSView+CNGridView.h"; sourceTree = "<group>"; };
		DB57762F204D9F85003F9164 /* NSView+CNGridView.m */ = {isa = PBXFileReference; fileEncoding = 4; lastKnownFileType = sourcecode.c.objc; path = "NSView+CNGridView.m"; sourceTree = "<group>"; };
		DB577639204D9F85003F9164 /* MainMenu.xib */ = {isa = PBXFileReference; fileEncoding = 4; lastKnownFileType = file.xib; path = MainMenu.xib; sourceTree = "<group>"; };
		DB57764A204DA046003F9164 /* BMFileModel.h */ = {isa = PBXFileReference; fileEncoding = 4; lastKnownFileType = sourcecode.c.h; path = BMFileModel.h; sourceTree = "<group>"; };
		DB57764B204DA046003F9164 /* BMFileModel.m */ = {isa = PBXFileReference; fileEncoding = 4; lastKnownFileType = sourcecode.c.objc; path = BMFileModel.m; sourceTree = "<group>"; };
		DB57764F204E8A2A003F9164 /* BMIconManager.h */ = {isa = PBXFileReference; fileEncoding = 4; lastKnownFileType = sourcecode.c.h; path = BMIconManager.h; sourceTree = "<group>"; };
		DB577650204E8A2A003F9164 /* BMIconManager.m */ = {isa = PBXFileReference; fileEncoding = 4; lastKnownFileType = sourcecode.c.objc; path = BMIconManager.m; sourceTree = "<group>"; };
		DB577652204E8D29003F9164 /* BMIconModel.h */ = {isa = PBXFileReference; fileEncoding = 4; lastKnownFileType = sourcecode.c.h; path = BMIconModel.h; sourceTree = "<group>"; };
		DB577653204E8D29003F9164 /* BMIconModel.m */ = {isa = PBXFileReference; fileEncoding = 4; lastKnownFileType = sourcecode.c.objc; path = BMIconModel.m; sourceTree = "<group>"; };
		DB577FB8204FAFDB003F9164 /* SKSVGObject.m */ = {isa = PBXFileReference; fileEncoding = 4; lastKnownFileType = sourcecode.c.objc; path = SKSVGObject.m; sourceTree = "<group>"; };
		DB577FB9204FAFDB003F9164 /* SKSVGObject.h */ = {isa = PBXFileReference; fileEncoding = 4; lastKnownFileType = sourcecode.c.h; path = SKSVGObject.h; sourceTree = "<group>"; };
		E2C92935553B0D65B1D8260A /* Pods-icons9.release.xcconfig */ = {isa = PBXFileReference; includeInIndex = 1; lastKnownFileType = text.xcconfig; name = "Pods-icons9.release.xcconfig"; path = "Pods/Target Support Files/Pods-icons9/Pods-icons9.release.xcconfig"; sourceTree = "<group>"; };
		F558BBF91B271CF87838957A /* libPods-icons9.a */ = {isa = PBXFileReference; explicitFileType = archive.ar; includeInIndex = 0; path = "libPods-icons9.a"; sourceTree = BUILT_PRODUCTS_DIR; };
/* End PBXFileReference section */

/* Begin PBXFrameworksBuildPhase section */
		DB57752B204AA0C4003F9164 /* Frameworks */ = {
			isa = PBXFrameworksBuildPhase;
			buildActionMask = 2147483647;
			files = (
				3623B1A320D0F82700C90FD0 /* libsqlite3.tbd in Frameworks */,
				366849842094101200D9640F /* SVGKit.framework in Frameworks */,
				366849832094101200D9640F /* CocoaLumberjack.framework in Frameworks */,
				D6F4C7FE88F2714EC9F519C9 /* libPods-icons9.a in Frameworks */,
			);
			runOnlyForDeploymentPostprocessing = 0;
		};
/* End PBXFrameworksBuildPhase section */

/* Begin PBXGroup section */
		01C9F94FC64A627FCC5E2235 /* Pods */ = {
			isa = PBXGroup;
			children = (
				C909A730617FE4581A59F389 /* Pods-icons9.debug.xcconfig */,
				E2C92935553B0D65B1D8260A /* Pods-icons9.release.xcconfig */,
			);
			name = Pods;
			sourceTree = "<group>";
		};
		3623B1AE20D20EAD00C90FD0 /* images */ = {
			isa = PBXGroup;
			children = (
				36FCCCD420E227D50010AC19 /* detail_sepline.png */,
				36FCCCD320E227D50010AC19 /* detail_sepline@2x.png */,
				36FCCCD120E21D940010AC19 /* projectpanel_shadow.png */,
				36FCCCCA20E218220010AC19 /* menu_view_left.png */,
				36FCCCC820E218220010AC19 /* menu_view_middle.png */,
				36FCCCC920E218220010AC19 /* menu_view_right.png */,
				36302B5B20E20AC50003B5FA /* sucai2.png */,
				3623B1AC20D20EA200C90FD0 /* sucai.png */,
			);
			path = images;
			sourceTree = "<group>";
		};
		3668495F2092D10F00D9640F /* global */ = {
			isa = PBXGroup;
			children = (
				3668495D2092CFBA00D9640F /* BMGlobal.h */,
			);
			name = global;
			sourceTree = "<group>";
		};
		3668497A2094046400D9640F /* TableViewCell */ = {
			isa = PBXGroup;
			children = (
				3668497B2094048B00D9640F /* BMProjectCell.h */,
				3668497C2094048B00D9640F /* BMProjectCell.m */,
				3623B1A720D2065F00C90FD0 /* BMProjectCell.xib */,
			);
			name = TableViewCell;
			sourceTree = "<group>";
		};
		366849802094101200D9640F /* lib */ = {
			isa = PBXGroup;
			children = (
				366849812094101200D9640F /* CocoaLumberjack.framework */,
				366849822094101200D9640F /* SVGKit.framework */,
			);
			path = lib;
			sourceTree = "<group>";
		};
		3668498C2094560B00D9640F /* SVGViewItem */ = {
			isa = PBXGroup;
			children = (
				3668498D2094563200D9640F /* SVGViewItem.h */,
				3668498E2094563200D9640F /* SVGViewItem.m */,
			);
			name = SVGViewItem;
			sourceTree = "<group>";
		};
		368AE6C020CE6C98005FF0E7 /* BMURLResponse */ = {
			isa = PBXGroup;
			children = (
				368AE6C120CE6C98005FF0E7 /* BMURLResponse.h */,
				368AE6C220CE6C98005FF0E7 /* BMURLResponse.m */,
			);
			path = BMURLResponse;
			sourceTree = "<group>";
		};
		368AE6C420CE6C9D005FF0E7 /* BMAPIRequest */ = {
			isa = PBXGroup;
			children = (
				368AE70E20CE7653005FF0E7 /* BMEnumType.h */,
				368AE6E820CE6F24005FF0E7 /* BMLoger */,
				368AE6C520CE6D1C005FF0E7 /* BMNetWorkCategory */,
				368AE6BD20CE6BC3005FF0E7 /* BMAPIRequest.h */,
				368AE6BE20CE6BC3005FF0E7 /* BMAPIRequest.m */,
				368AE6C020CE6C98005FF0E7 /* BMURLResponse */,
				368AE70F20CF68C4005FF0E7 /* BMAPIRequestURL.h */,
			);
			name = BMAPIRequest;
			sourceTree = "<group>";
		};
		368AE6C520CE6D1C005FF0E7 /* BMNetWorkCategory */ = {
			isa = PBXGroup;
			children = (
				368AE6C620CE6D1C005FF0E7 /* AFHTTPRequestSerializer+addHeaders.h */,
				368AE6C720CE6D1C005FF0E7 /* AFHTTPRequestSerializer+addHeaders.m */,
				368AE6CA20CE6D1C005FF0E7 /* NSArray+AXNetworkingMethods.h */,
				368AE6CB20CE6D1C005FF0E7 /* NSArray+AXNetworkingMethods.m */,
				368AE6CC20CE6D1C005FF0E7 /* NSData+Networking.h */,
				368AE6CD20CE6D1C005FF0E7 /* NSData+Networking.m */,
				368AE6CE20CE6D1C005FF0E7 /* NSDictionary+AXNetworkingMethods.h */,
				368AE6CF20CE6D1C005FF0E7 /* NSDictionary+AXNetworkingMethods.m */,
				368AE6D020CE6D1C005FF0E7 /* NSMutableString+AXNetworkingMethods.h */,
				368AE6D120CE6D1C005FF0E7 /* NSMutableString+AXNetworkingMethods.m */,
				368AE6D220CE6D1C005FF0E7 /* NSObject+AXNetworkingMethods.h */,
				368AE6D320CE6D1C005FF0E7 /* NSObject+AXNetworkingMethods.m */,
				368AE6D420CE6D1C005FF0E7 /* NSString+Networking.h */,
				368AE6D520CE6D1C005FF0E7 /* NSString+Networking.m */,
				368AE6D620CE6D1C005FF0E7 /* NSURLRequest+AIFNetworkingMethods.h */,
				368AE6D720CE6D1C005FF0E7 /* NSURLRequest+AIFNetworkingMethods.m */,
			);
			path = BMNetWorkCategory;
			sourceTree = "<group>";
		};
		368AE6E820CE6F24005FF0E7 /* BMLoger */ = {
			isa = PBXGroup;
			children = (
				368AE6E920CE6F24005FF0E7 /* BMLoger.h */,
				368AE6EA20CE6F24005FF0E7 /* BMLoger.m */,
			);
			path = BMLoger;
			sourceTree = "<group>";
		};
		368AE70920CE7627005FF0E7 /* libextobjc */ = {
			isa = PBXGroup;
			children = (
				368AE70A20CE7627005FF0E7 /* EXTScope.h */,
				368AE70B20CE7627005FF0E7 /* EXTScope.m */,
				368AE70C20CE7627005FF0E7 /* metamacros.h */,
			);
			path = libextobjc;
			sourceTree = "<group>";
		};
		36E8C38920D9E4EA00B9C0A7 /* category */ = {
			isa = PBXGroup;
			children = (
				36E8C38D20D9E5ED00B9C0A7 /* NullSafe */,
			);
			name = category;
			sourceTree = "<group>";
		};
		36E8C38D20D9E5ED00B9C0A7 /* NullSafe */ = {
			isa = PBXGroup;
			children = (
				36E8C38E20D9E5ED00B9C0A7 /* NullSafe.m */,
			);
			path = NullSafe;
			sourceTree = "<group>";
		};
		DB577525204AA0C4003F9164 = {
			isa = PBXGroup;
			children = (
				366849852094109A00D9640F /* Podfile */,
				DB577530204AA0C4003F9164 /* icons9 */,
				DB57752F204AA0C4003F9164 /* Products */,
				DB5775E6204C2CF8003F9164 /* Frameworks */,
				01C9F94FC64A627FCC5E2235 /* Pods */,
			);
			sourceTree = "<group>";
		};
		DB57752F204AA0C4003F9164 /* Products */ = {
			isa = PBXGroup;
			children = (
				DB57752E204AA0C4003F9164 /* icons9.app */,
			);
			name = Products;
			sourceTree = "<group>";
		};
		DB577530204AA0C4003F9164 /* icons9 */ = {
			isa = PBXGroup;
			children = (
				36E8C38920D9E4EA00B9C0A7 /* category */,
				366849802094101200D9640F /* lib */,
				3668495F2092D10F00D9640F /* global */,
				DB57764D204E89C6003F9164 /* utils */,
				DB577619204D9F85003F9164 /* app */,
				DB57761C204D9F85003F9164 /* class */,
				DB577630204D9F85003F9164 /* resources */,
				DB5775F0204CCDF9003F9164 /* icons9.entitlements */,
				DB57753A204AA0C4003F9164 /* Assets.xcassets */,
				DB57753F204AA0C4003F9164 /* Info.plist */,
				DB577534204AA0C4003F9164 /* Supporting Files */,
				3668495E2092D0A900D9640F /* PrefixHeader.pch */,
			);
			path = icons9;
			sourceTree = "<group>";
		};
		DB577534204AA0C4003F9164 /* Supporting Files */ = {
			isa = PBXGroup;
			children = (
				DB577535204AA0C4003F9164 /* main.m */,
			);
			name = "Supporting Files";
			sourceTree = "<group>";
		};
		DB5775E6204C2CF8003F9164 /* Frameworks */ = {
			isa = PBXGroup;
			children = (
				3623B1A220D0F82700C90FD0 /* libsqlite3.tbd */,
				DB5775ED204C2D2E003F9164 /* CoreData.framework */,
				DB5775EB204C2D11003F9164 /* Cocoa.framework */,
				DB5775E9204C2D05003F9164 /* AppKit.framework */,
				DB5775E7204C2CF8003F9164 /* Foundation.framework */,
				F558BBF91B271CF87838957A /* libPods-icons9.a */,
			);
			name = Frameworks;
			sourceTree = "<group>";
		};
		DB577619204D9F85003F9164 /* app */ = {
			isa = PBXGroup;
			children = (
				DB57761A204D9F85003F9164 /* AppDelegate.h */,
				DB57761B204D9F85003F9164 /* AppDelegate.m */,
			);
			path = app;
			sourceTree = "<group>";
		};
		DB57761C204D9F85003F9164 /* class */ = {
			isa = PBXGroup;
			children = (
				DB57761D204D9F85003F9164 /* controller */,
				DB577621204D9F85003F9164 /* model */,
				DB577622204D9F85003F9164 /* view */,
			);
			path = class;
			sourceTree = "<group>";
		};
		DB57761D204D9F85003F9164 /* controller */ = {
			isa = PBXGroup;
			children = (
				DB57761E204D9F85003F9164 /* BMMainViewController.h */,
				DB57761F204D9F85003F9164 /* BMMainViewController.m */,
				DB577620204D9F85003F9164 /* BMMainViewController.xib */,
				36302B5D20E2128F0003B5FA /* NSMainWinController.h */,
				36302B5E20E2128F0003B5FA /* NSMainWinController.m */,
				36302B5F20E2128F0003B5FA /* NSMainWinController.xib */,
			);
			path = controller;
			sourceTree = "<group>";
		};
		DB577621204D9F85003F9164 /* model */ = {
			isa = PBXGroup;
			children = (
				DB57764A204DA046003F9164 /* BMFileModel.h */,
				DB57764B204DA046003F9164 /* BMFileModel.m */,
			);
			path = model;
			sourceTree = "<group>";
		};
		DB577622204D9F85003F9164 /* view */ = {
			isa = PBXGroup;
			children = (
				36FCCCCE20E21CD20010AC19 /* BackgroundView.h */,
				36FCCCCF20E21CD20010AC19 /* BackgroundView.m */,
				3668498C2094560B00D9640F /* SVGViewItem */,
				3668497A2094046400D9640F /* TableViewCell */,
				DB577623204D9F85003F9164 /* CNGridView */,
			);
			path = view;
			sourceTree = "<group>";
		};
		DB577623204D9F85003F9164 /* CNGridView */ = {
			isa = PBXGroup;
			children = (
				DB577624204D9F85003F9164 /* CNGridView.h */,
				DB577625204D9F85003F9164 /* CNGridView.m */,
				DB577626204D9F85003F9164 /* CNGridViewDefinitions.h */,
				DB577627204D9F85003F9164 /* CNGridViewDelegate.h */,
				DB577628204D9F85003F9164 /* CNGridViewItem.h */,
				DB577629204D9F85003F9164 /* CNGridViewItem.m */,
				DB57762A204D9F85003F9164 /* CNGridViewItemLayout.h */,
				DB57762B204D9F85003F9164 /* CNGridViewItemLayout.m */,
				DB57762C204D9F85003F9164 /* NSColor+CNGridViewPalette.h */,
				DB57762D204D9F85003F9164 /* NSColor+CNGridViewPalette.m */,
				DB57762E204D9F85003F9164 /* NSView+CNGridView.h */,
				DB57762F204D9F85003F9164 /* NSView+CNGridView.m */,
			);
			path = CNGridView;
			sourceTree = "<group>";
		};
		DB577630204D9F85003F9164 /* resources */ = {
			isa = PBXGroup;
			children = (
				3623B1AE20D20EAD00C90FD0 /* images */,
				DB577639204D9F85003F9164 /* MainMenu.xib */,
			);
			path = resources;
			sourceTree = "<group>";
		};
		DB57764D204E89C6003F9164 /* utils */ = {
			isa = PBXGroup;
			children = (
				368AE70920CE7627005FF0E7 /* libextobjc */,
				368AE6C420CE6C9D005FF0E7 /* BMAPIRequest */,
				DB577FB7204FAFD2003F9164 /* SKSVGObject */,
				DB57764E204E89E9003F9164 /* BMIconManager */,
			);
			path = utils;
			sourceTree = "<group>";
		};
		DB57764E204E89E9003F9164 /* BMIconManager */ = {
			isa = PBXGroup;
			children = (
				DB57764F204E8A2A003F9164 /* BMIconManager.h */,
				DB577650204E8A2A003F9164 /* BMIconManager.m */,
				DB577652204E8D29003F9164 /* BMIconModel.h */,
				DB577653204E8D29003F9164 /* BMIconModel.m */,
				3623B1A420D1F80800C90FD0 /* BMSQLProjectModel.h */,
				3623B1A520D1F80800C90FD0 /* BMSQLProjectModel.m */,
				36302B3E20DB58A20003B5FA /* BMSQLIconModel.h */,
				36302B3F20DB58A20003B5FA /* BMSQLIconModel.m */,
				36302B5820E0CD600003B5FA /* BMIconsDownloader.h */,
				36302B5920E0CD600003B5FA /* BMIconsDownloader.m */,
			);
			path = BMIconManager;
			sourceTree = "<group>";
		};
		DB577FB7204FAFD2003F9164 /* SKSVGObject */ = {
			isa = PBXGroup;
			children = (
				DB577FB8204FAFDB003F9164 /* SKSVGObject.m */,
				DB577FB9204FAFDB003F9164 /* SKSVGObject.h */,
			);
			path = SKSVGObject;
			sourceTree = "<group>";
		};
/* End PBXGroup section */

/* Begin PBXNativeTarget section */
		DB57752D204AA0C4003F9164 /* icons9 */ = {
			isa = PBXNativeTarget;
			buildConfigurationList = DB577542204AA0C4003F9164 /* Build configuration list for PBXNativeTarget "icons9" */;
			buildPhases = (
				9943954D06287130B1C5468F /* [CP] Check Pods Manifest.lock */,
				DB57752A204AA0C4003F9164 /* Sources */,
				DB57752B204AA0C4003F9164 /* Frameworks */,
				DB57752C204AA0C4003F9164 /* Resources */,
				DB577FB0204FA750003F9164 /* Embed Frameworks */,
				347C7A19661FAE16950D5B93 /* [CP] Embed Pods Frameworks */,
				CE9F6BDC9CEEE828A40D7101 /* [CP] Copy Pods Resources */,
				36684987209414C600D9640F /* CopyFiles */,
			);
			buildRules = (
			);
			dependencies = (
			);
			name = icons9;
			productName = icons9;
			productReference = DB57752E204AA0C4003F9164 /* icons9.app */;
			productType = "com.apple.product-type.application";
		};
/* End PBXNativeTarget section */

/* Begin PBXProject section */
		DB577526204AA0C4003F9164 /* Project object */ = {
			isa = PBXProject;
			attributes = {
				LastUpgradeCheck = 0930;
				ORGANIZATIONNAME = "冯立海";
				TargetAttributes = {
					DB57752D204AA0C4003F9164 = {
						CreatedOnToolsVersion = 8.3.3;
						ProvisioningStyle = Manual;
						SystemCapabilities = {
							com.apple.Sandbox = {
								enabled = 1;
							};
						};
					};
				};
			};
			buildConfigurationList = DB577529204AA0C4003F9164 /* Build configuration list for PBXProject "icons9" */;
			compatibilityVersion = "Xcode 8.0";
			developmentRegion = English;
			hasScannedForEncodings = 0;
			knownRegions = (
				en,
				Base,
			);
			mainGroup = DB577525204AA0C4003F9164;
			productRefGroup = DB57752F204AA0C4003F9164 /* Products */;
			projectDirPath = "";
			projectRoot = "";
			targets = (
				DB57752D204AA0C4003F9164 /* icons9 */,
			);
		};
/* End PBXProject section */

/* Begin PBXResourcesBuildPhase section */
		DB57752C204AA0C4003F9164 /* Resources */ = {
			isa = PBXResourcesBuildPhase;
			buildActionMask = 2147483647;
			files = (
				36FCCCD520E227D50010AC19 /* detail_sepline@2x.png in Resources */,
				36FCCCD620E227D50010AC19 /* detail_sepline.png in Resources */,
				36302B6120E2128F0003B5FA /* NSMainWinController.xib in Resources */,
				DB577649204D9F85003F9164 /* MainMenu.xib in Resources */,
				3623B1AD20D20EA200C90FD0 /* sucai.png in Resources */,
				DB57763C204D9F85003F9164 /* BMMainViewController.xib in Resources */,
				366849862094109A00D9640F /* Podfile in Resources */,
				36302B5C20E20AC60003B5FA /* sucai2.png in Resources */,
				36FCCCCC20E218220010AC19 /* menu_view_right.png in Resources */,
				3623B1A820D2065F00C90FD0 /* BMProjectCell.xib in Resources */,
				DB57753B204AA0C4003F9164 /* Assets.xcassets in Resources */,
				36FCCCCB20E218220010AC19 /* menu_view_middle.png in Resources */,
				36FCCCD220E21D940010AC19 /* projectpanel_shadow.png in Resources */,
				36FCCCCD20E218220010AC19 /* menu_view_left.png in Resources */,
			);
			runOnlyForDeploymentPostprocessing = 0;
		};
/* End PBXResourcesBuildPhase section */

/* Begin PBXShellScriptBuildPhase section */
		347C7A19661FAE16950D5B93 /* [CP] Embed Pods Frameworks */ = {
			isa = PBXShellScriptBuildPhase;
			buildActionMask = 2147483647;
			files = (
			);
			inputPaths = (
			);
			name = "[CP] Embed Pods Frameworks";
			outputPaths = (
			);
			runOnlyForDeploymentPostprocessing = 0;
			shellPath = /bin/sh;
			shellScript = "\"${SRCROOT}/Pods/Target Support Files/Pods-icons9/Pods-icons9-frameworks.sh\"\n";
			showEnvVarsInLog = 0;
		};
		9943954D06287130B1C5468F /* [CP] Check Pods Manifest.lock */ = {
			isa = PBXShellScriptBuildPhase;
			buildActionMask = 2147483647;
			files = (
			);
			inputPaths = (
				"${PODS_PODFILE_DIR_PATH}/Podfile.lock",
				"${PODS_ROOT}/Manifest.lock",
			);
			name = "[CP] Check Pods Manifest.lock";
			outputPaths = (
				"$(DERIVED_FILE_DIR)/Pods-icons9-checkManifestLockResult.txt",
			);
			runOnlyForDeploymentPostprocessing = 0;
			shellPath = /bin/sh;
			shellScript = "diff \"${PODS_PODFILE_DIR_PATH}/Podfile.lock\" \"${PODS_ROOT}/Manifest.lock\" > /dev/null\nif [ $? != 0 ] ; then\n    # print error to STDERR\n    echo \"error: The sandbox is not in sync with the Podfile.lock. Run 'pod install' or update your CocoaPods installation.\" >&2\n    exit 1\nfi\n# This output is used by Xcode 'outputs' to avoid re-running this script phase.\necho \"SUCCESS\" > \"${SCRIPT_OUTPUT_FILE_0}\"\n";
			showEnvVarsInLog = 0;
		};
		CE9F6BDC9CEEE828A40D7101 /* [CP] Copy Pods Resources */ = {
			isa = PBXShellScriptBuildPhase;
			buildActionMask = 2147483647;
			files = (
			);
			inputPaths = (
			);
			name = "[CP] Copy Pods Resources";
			outputPaths = (
			);
			runOnlyForDeploymentPostprocessing = 0;
			shellPath = /bin/sh;
			shellScript = "\"${SRCROOT}/Pods/Target Support Files/Pods-icons9/Pods-icons9-resources.sh\"\n";
			showEnvVarsInLog = 0;
		};
/* End PBXShellScriptBuildPhase section */

/* Begin PBXSourcesBuildPhase section */
		DB57752A204AA0C4003F9164 /* Sources */ = {
			isa = PBXSourcesBuildPhase;
			buildActionMask = 2147483647;
			files = (
				36E8C38F20D9E5EE00B9C0A7 /* NullSafe.m in Sources */,
				DB577FBA204FAFDB003F9164 /* SKSVGObject.m in Sources */,
				368AE6D820CE6D1C005FF0E7 /* AFHTTPRequestSerializer+addHeaders.m in Sources */,
				DB57764C204DA046003F9164 /* BMFileModel.m in Sources */,
				DB57763F204D9F85003F9164 /* CNGridViewItemLayout.m in Sources */,
				368AE6E020CE6D1C005FF0E7 /* NSURLRequest+AIFNetworkingMethods.m in Sources */,
				36FCCCD020E21CD20010AC19 /* BackgroundView.m in Sources */,
				3623B1A620D1F80800C90FD0 /* BMSQLProjectModel.m in Sources */,
				368AE6DA20CE6D1C005FF0E7 /* NSArray+AXNetworkingMethods.m in Sources */,
				3668498F2094563200D9640F /* SVGViewItem.m in Sources */,
				DB577654204E8D29003F9164 /* BMIconModel.m in Sources */,
				DB57763B204D9F85003F9164 /* BMMainViewController.m in Sources */,
				DB57763E204D9F85003F9164 /* CNGridViewItem.m in Sources */,
				36302B4020DB58A20003B5FA /* BMSQLIconModel.m in Sources */,
				368AE6DE20CE6D1C005FF0E7 /* NSObject+AXNetworkingMethods.m in Sources */,
				DB57763D204D9F85003F9164 /* CNGridView.m in Sources */,
				DB57763A204D9F85003F9164 /* AppDelegate.m in Sources */,
				3668497D2094048B00D9640F /* BMProjectCell.m in Sources */,
				368AE6C320CE6C98005FF0E7 /* BMURLResponse.m in Sources */,
				DB577536204AA0C4003F9164 /* main.m in Sources */,
				368AE6DF20CE6D1C005FF0E7 /* NSString+Networking.m in Sources */,
				368AE6DB20CE6D1C005FF0E7 /* NSData+Networking.m in Sources */,
				368AE6BF20CE6BC3005FF0E7 /* BMAPIRequest.m in Sources */,
				DB577651204E8A2A003F9164 /* BMIconManager.m in Sources */,
				368AE6EB20CE6F24005FF0E7 /* BMLoger.m in Sources */,
				36302B5A20E0CD600003B5FA /* BMIconsDownloader.m in Sources */,
				368AE70D20CE7627005FF0E7 /* EXTScope.m in Sources */,
				DB577640204D9F85003F9164 /* NSColor+CNGridViewPalette.m in Sources */,
				368AE6DC20CE6D1C005FF0E7 /* NSDictionary+AXNetworkingMethods.m in Sources */,
				DB577641204D9F85003F9164 /* NSView+CNGridView.m in Sources */,
				36302B6020E2128F0003B5FA /* NSMainWinController.m in Sources */,
				368AE6DD20CE6D1C005FF0E7 /* NSMutableString+AXNetworkingMethods.m in Sources */,
			);
			runOnlyForDeploymentPostprocessing = 0;
		};
/* End PBXSourcesBuildPhase section */

/* Begin XCBuildConfiguration section */
		DB577540204AA0C4003F9164 /* Debug */ = {
			isa = XCBuildConfiguration;
			buildSettings = {
				ALWAYS_SEARCH_USER_PATHS = NO;
				CLANG_ANALYZER_NONNULL = YES;
				CLANG_ANALYZER_NUMBER_OBJECT_CONVERSION = YES_AGGRESSIVE;
				CLANG_CXX_LANGUAGE_STANDARD = "gnu++0x";
				CLANG_CXX_LIBRARY = "libc++";
				CLANG_ENABLE_MODULES = YES;
				CLANG_ENABLE_OBJC_ARC = YES;
				CLANG_WARN_BLOCK_CAPTURE_AUTORELEASING = YES;
				CLANG_WARN_BOOL_CONVERSION = YES;
				CLANG_WARN_COMMA = YES;
				CLANG_WARN_CONSTANT_CONVERSION = YES;
				CLANG_WARN_DEPRECATED_OBJC_IMPLEMENTATIONS = YES;
				CLANG_WARN_DIRECT_OBJC_ISA_USAGE = YES_ERROR;
				CLANG_WARN_DOCUMENTATION_COMMENTS = YES;
				CLANG_WARN_EMPTY_BODY = YES;
				CLANG_WARN_ENUM_CONVERSION = YES;
				CLANG_WARN_INFINITE_RECURSION = YES;
				CLANG_WARN_INT_CONVERSION = YES;
				CLANG_WARN_NON_LITERAL_NULL_CONVERSION = YES;
				CLANG_WARN_OBJC_IMPLICIT_RETAIN_SELF = YES;
				CLANG_WARN_OBJC_LITERAL_CONVERSION = YES;
				CLANG_WARN_OBJC_ROOT_CLASS = YES_ERROR;
				CLANG_WARN_RANGE_LOOP_ANALYSIS = YES;
				CLANG_WARN_STRICT_PROTOTYPES = YES;
				CLANG_WARN_SUSPICIOUS_MOVE = YES;
				CLANG_WARN_UNREACHABLE_CODE = YES;
				CLANG_WARN__DUPLICATE_METHOD_MATCH = YES;
				CODE_SIGN_IDENTITY = "-";
				COPY_PHASE_STRIP = NO;
				DEBUG_INFORMATION_FORMAT = dwarf;
				ENABLE_STRICT_OBJC_MSGSEND = YES;
				ENABLE_TESTABILITY = YES;
				GCC_C_LANGUAGE_STANDARD = gnu99;
				GCC_DYNAMIC_NO_PIC = NO;
				GCC_NO_COMMON_BLOCKS = YES;
				GCC_OPTIMIZATION_LEVEL = 0;
				GCC_PREPROCESSOR_DEFINITIONS = (
					"DEBUG=1",
					"$(inherited)",
				);
				GCC_WARN_64_TO_32_BIT_CONVERSION = YES;
				GCC_WARN_ABOUT_RETURN_TYPE = YES_ERROR;
				GCC_WARN_UNDECLARED_SELECTOR = YES;
				GCC_WARN_UNINITIALIZED_AUTOS = YES_AGGRESSIVE;
				GCC_WARN_UNUSED_FUNCTION = YES;
				GCC_WARN_UNUSED_VARIABLE = YES;
				LD_RUNPATH_SEARCH_PATHS = "@rpath";
				MACOSX_DEPLOYMENT_TARGET = 10.12;
				MTL_ENABLE_DEBUG_INFO = YES;
				ONLY_ACTIVE_ARCH = YES;
				SDKROOT = macosx;
			};
			name = Debug;
		};
		DB577541204AA0C4003F9164 /* Release */ = {
			isa = XCBuildConfiguration;
			buildSettings = {
				ALWAYS_SEARCH_USER_PATHS = NO;
				CLANG_ANALYZER_NONNULL = YES;
				CLANG_ANALYZER_NUMBER_OBJECT_CONVERSION = YES_AGGRESSIVE;
				CLANG_CXX_LANGUAGE_STANDARD = "gnu++0x";
				CLANG_CXX_LIBRARY = "libc++";
				CLANG_ENABLE_MODULES = YES;
				CLANG_ENABLE_OBJC_ARC = YES;
				CLANG_WARN_BLOCK_CAPTURE_AUTORELEASING = YES;
				CLANG_WARN_BOOL_CONVERSION = YES;
				CLANG_WARN_COMMA = YES;
				CLANG_WARN_CONSTANT_CONVERSION = YES;
				CLANG_WARN_DEPRECATED_OBJC_IMPLEMENTATIONS = YES;
				CLANG_WARN_DIRECT_OBJC_ISA_USAGE = YES_ERROR;
				CLANG_WARN_DOCUMENTATION_COMMENTS = YES;
				CLANG_WARN_EMPTY_BODY = YES;
				CLANG_WARN_ENUM_CONVERSION = YES;
				CLANG_WARN_INFINITE_RECURSION = YES;
				CLANG_WARN_INT_CONVERSION = YES;
				CLANG_WARN_NON_LITERAL_NULL_CONVERSION = YES;
				CLANG_WARN_OBJC_IMPLICIT_RETAIN_SELF = YES;
				CLANG_WARN_OBJC_LITERAL_CONVERSION = YES;
				CLANG_WARN_OBJC_ROOT_CLASS = YES_ERROR;
				CLANG_WARN_RANGE_LOOP_ANALYSIS = YES;
				CLANG_WARN_STRICT_PROTOTYPES = YES;
				CLANG_WARN_SUSPICIOUS_MOVE = YES;
				CLANG_WARN_UNREACHABLE_CODE = YES;
				CLANG_WARN__DUPLICATE_METHOD_MATCH = YES;
				CODE_SIGN_IDENTITY = "-";
				COPY_PHASE_STRIP = NO;
				DEBUG_INFORMATION_FORMAT = "dwarf-with-dsym";
				ENABLE_NS_ASSERTIONS = NO;
				ENABLE_STRICT_OBJC_MSGSEND = YES;
				GCC_C_LANGUAGE_STANDARD = gnu99;
				GCC_NO_COMMON_BLOCKS = YES;
				GCC_WARN_64_TO_32_BIT_CONVERSION = YES;
				GCC_WARN_ABOUT_RETURN_TYPE = YES_ERROR;
				GCC_WARN_UNDECLARED_SELECTOR = YES;
				GCC_WARN_UNINITIALIZED_AUTOS = YES_AGGRESSIVE;
				GCC_WARN_UNUSED_FUNCTION = YES;
				GCC_WARN_UNUSED_VARIABLE = YES;
				LD_RUNPATH_SEARCH_PATHS = "@rpath";
				MACOSX_DEPLOYMENT_TARGET = 10.12;
				MTL_ENABLE_DEBUG_INFO = NO;
				SDKROOT = macosx;
			};
			name = Release;
		};
		DB577543204AA0C4003F9164 /* Debug */ = {
			isa = XCBuildConfiguration;
			baseConfigurationReference = C909A730617FE4581A59F389 /* Pods-icons9.debug.xcconfig */;
			buildSettings = {
				ASSETCATALOG_COMPILER_APPICON_NAME = AppIcon;
				CODE_SIGN_ENTITLEMENTS = icons9/icons9.entitlements;
				CODE_SIGN_IDENTITY = "";
				CODE_SIGN_STYLE = Manual;
				COMBINE_HIDPI_IMAGES = YES;
				DEVELOPMENT_TEAM = "";
				FRAMEWORK_SEARCH_PATHS = (
					"$(inherited)",
					"$(PROJECT_DIR)/icons9",
					"$(PROJECT_DIR)",
					"$(PROJECT_DIR)/icons9/lib",
				);
				GCC_INCREASE_PRECOMPILED_HEADER_SHARING = YES;
				GCC_PRECOMPILE_PREFIX_HEADER = YES;
				GCC_PREFIX_HEADER = "$(SRCROOT)/icons9/PrefixHeader.pch";
				INFOPLIST_FILE = icons9/Info.plist;
				LD_RUNPATH_SEARCH_PATHS = "$(inherited) @loader_path/../Frameworks @executable_path/../Frameworks";
				MACOSX_DEPLOYMENT_TARGET = 10.11;
				PRODUCT_BUNDLE_IDENTIFIER = fenglh.icons9;
				PRODUCT_NAME = "$(TARGET_NAME)";
				PROVISIONING_PROFILE_SPECIFIER = "";
			};
			name = Debug;
		};
		DB577544204AA0C4003F9164 /* Release */ = {
			isa = XCBuildConfiguration;
			baseConfigurationReference = E2C92935553B0D65B1D8260A /* Pods-icons9.release.xcconfig */;
			buildSettings = {
				ASSETCATALOG_COMPILER_APPICON_NAME = AppIcon;
				CODE_SIGN_ENTITLEMENTS = icons9/icons9.entitlements;
				CODE_SIGN_IDENTITY = "";
				CODE_SIGN_STYLE = Manual;
				COMBINE_HIDPI_IMAGES = YES;
				DEVELOPMENT_TEAM = "";
				FRAMEWORK_SEARCH_PATHS = (
					"$(inherited)",
					"$(PROJECT_DIR)/icons9",
					"$(PROJECT_DIR)",
					"$(PROJECT_DIR)/icons9/lib",
				);
				GCC_INCREASE_PRECOMPILED_HEADER_SHARING = YES;
				GCC_PRECOMPILE_PREFIX_HEADER = YES;
				GCC_PREFIX_HEADER = "$(SRCROOT)/icons9/PrefixHeader.pch";
				INFOPLIST_FILE = icons9/Info.plist;
				LD_RUNPATH_SEARCH_PATHS = "$(inherited) @loader_path/../Frameworks @executable_path/../Frameworks";
				MACOSX_DEPLOYMENT_TARGET = 10.11;
				PRODUCT_BUNDLE_IDENTIFIER = fenglh.icons9;
				PRODUCT_NAME = "$(TARGET_NAME)";
				PROVISIONING_PROFILE_SPECIFIER = "";
			};
			name = Release;
		};
/* End XCBuildConfiguration section */

/* Begin XCConfigurationList section */
		DB577529204AA0C4003F9164 /* Build configuration list for PBXProject "icons9" */ = {
			isa = XCConfigurationList;
			buildConfigurations = (
				DB577540204AA0C4003F9164 /* Debug */,
				DB577541204AA0C4003F9164 /* Release */,
			);
			defaultConfigurationIsVisible = 0;
			defaultConfigurationName = Release;
		};
		DB577542204AA0C4003F9164 /* Build configuration list for PBXNativeTarget "icons9" */ = {
			isa = XCConfigurationList;
			buildConfigurations = (
				DB577543204AA0C4003F9164 /* Debug */,
				DB577544204AA0C4003F9164 /* Release */,
			);
			defaultConfigurationIsVisible = 0;
			defaultConfigurationName = Release;
		};
/* End XCConfigurationList section */
	};
	rootObject = DB577526204AA0C4003F9164 /* Project object */;
}
